%{"amqp": {:git, "https://github.com/keisisqrl/amqp.git", "b3e2b3972b5732dc319f7d6e46a9c6881ab41258", []},
  "amqp_client": {:hex, :amqp_client, "3.6.7-pre.1", "5d689656443cf652a0114806e7e2f5c63ceac4d768382ffa08570a246f0e8eaf", [:make, :rebar3], [{:rabbit_common, "3.6.7-pre.1", [hex: :rabbit_common, optional: false]}]},
  "base64url": {:hex, :base64url, "0.0.1", "36a90125f5948e3afd7be97662a1504b934dd5dac78451ca6e9abf85a10286be", [:rebar], []},
  "bunt": {:hex, :bunt, "0.2.0", "951c6e801e8b1d2cbe58ebbd3e616a869061ddadcc4863d0a2182541acae9a38", [:mix], []},
  "certifi": {:hex, :certifi, "0.7.0", "861a57f3808f7eb0c2d1802afeaae0fa5de813b0df0979153cbafcd853ababaf", [:rebar3], []},
  "cowboy": {:hex, :cowboy, "1.1.2", "61ac29ea970389a88eca5a65601460162d370a70018afe6f949a29dca91f3bb0", [:rebar3], [{:cowlib, "~> 1.0.2", [hex: :cowlib, optional: false]}, {:ranch, "~> 1.3.2", [hex: :ranch, optional: false]}]},
  "cowlib": {:hex, :cowlib, "1.0.2", "9d769a1d062c9c3ac753096f868ca121e2730b9a377de23dec0f7e08b1df84ee", [:make], []},
  "credo": {:hex, :credo, "0.6.1", "a941e2591bd2bd2055dc92b810c174650b40b8290459c89a835af9d59ac4a5f8", [:mix], [{:bunt, "~> 0.2.0", [hex: :bunt, optional: false]}]},
  "dialyxir": {:hex, :dialyxir, "0.4.4", "e93ff4affc5f9e78b70dc7bec7b07da44ae1ed3fef38e7113568dd30ad7b01d3", [:mix], []},
  "earmark": {:hex, :earmark, "1.1.1", "433136b7f2e99cde88b745b3a0cfc3fbc81fe58b918a09b40fce7f00db4d8187", [:mix], []},
  "ex_doc": {:hex, :ex_doc, "0.14.5", "c0433c8117e948404d93ca69411dd575ec6be39b47802e81ca8d91017a0cf83c", [:mix], [{:earmark, "~> 1.0", [hex: :earmark, optional: false]}]},
  "ex_ngrok": {:hex, :ex_ngrok, "0.3.2", "d8fe3b1c35051fbf22cd23be12f74309fc6fd31d56c9c0f7d632964412b82548", [:mix], [{:httpoison, "~> 0.10", [hex: :httpoison, optional: false]}, {:poison, "~> 2.0", [hex: :poison, optional: false]}]},
  "ex_twilio": {:hex, :ex_twilio, "0.2.1", "4d559433774d7945fd54262a863007b7b9faac3ad6d2291938fdfe9cb3018083", [:mix], [{:httpoison, ">= 0.9.0", [hex: :httpoison, optional: false]}, {:inflex, "~> 1.0", [hex: :inflex, optional: false]}, {:joken, "~> 1.3.1", [hex: :joken, optional: false]}, {:poison, ">= 2.0.0", [hex: :poison, optional: false]}]},
  "ex_twilio_bootstrap": {:hex, :ex_twilio_bootstrap, "0.1.1", "df249ab1d7471d66a227d9c85cdb1d45b4fb1873d4e794577f9d6e1a10da4bee", [:mix], [{:ex_twilio, "~> 0.2", [hex: :ex_twilio, optional: false]}]},
  "ex_twiml": {:hex, :ex_twiml, "2.1.2", "5318c31c28d68b5daea98748b668de9827f166dff55f64be2537735e9d58d308", [:mix], []},
  "fs": {:hex, :fs, "0.9.2", "ed17036c26c3f70ac49781ed9220a50c36775c6ca2cf8182d123b6566e49ec59", [:rebar], []},
  "gen_stage": {:hex, :gen_stage, "0.10.0", "ce1eb93a3f9708f2e215f70b3d3c7f55dea4a4ed7e9615195e28d543c9086656", [:mix], []},
  "gettext": {:hex, :gettext, "0.13.1", "5e0daf4e7636d771c4c71ad5f3f53ba09a9ae5c250e1ab9c42ba9edccc476263", [:mix], []},
  "hackney": {:hex, :hackney, "1.6.5", "8c025ee397ac94a184b0743c73b33b96465e85f90a02e210e86df6cbafaa5065", [:rebar3], [{:certifi, "0.7.0", [hex: :certifi, optional: false]}, {:idna, "1.2.0", [hex: :idna, optional: false]}, {:metrics, "1.0.1", [hex: :metrics, optional: false]}, {:mimerl, "1.0.2", [hex: :mimerl, optional: false]}, {:ssl_verify_fun, "1.1.1", [hex: :ssl_verify_fun, optional: false]}]},
  "httpoison": {:hex, :httpoison, "0.11.0", "b9240a9c44fc46fcd8618d17898859ba09a3c1b47210b74316c0ffef10735e76", [:mix], [{:hackney, "~> 1.6.3", [hex: :hackney, optional: false]}]},
  "idna": {:hex, :idna, "1.2.0", "ac62ee99da068f43c50dc69acf700e03a62a348360126260e87f2b54eced86b2", [:rebar3], []},
  "inflex": {:hex, :inflex, "1.8.0", "7cfc752ae244b30b42ac9cf4c092771b485bc3424139aba4a933e54be8c63931", [:mix], []},
  "joken": {:hex, :joken, "1.3.2", "3329ee040f02f2f016730d659d2629cbcf58287000bb48cc8503aec2cf3426f7", [:mix], [{:jose, "~> 1.8", [hex: :jose, optional: false]}, {:plug, "~> 1.0", [hex: :plug, optional: true]}, {:poison, "~> 1.5 or ~> 2.0 or ~> 3.0", [hex: :poison, optional: true]}]},
  "jose": {:hex, :jose, "1.8.1", "840ebf379dbdc36a2856d579d911faefe0810270efa97113423af9f76ca7ca0c", [:mix, :rebar3], [{:base64url, "~> 0.0.1", [hex: :base64url, optional: false]}]},
  "metrics": {:hex, :metrics, "1.0.1", "25f094dea2cda98213cecc3aeff09e940299d950904393b2a29d191c346a8486", [:rebar3], []},
  "mime": {:hex, :mime, "1.0.1", "05c393850524767d13a53627df71beeebb016205eb43bfbd92d14d24ec7a1b51", [:mix], []},
  "mimerl": {:hex, :mimerl, "1.0.2", "993f9b0e084083405ed8252b99460c4f0563e41729ab42d9074fd5e52439be88", [:rebar3], []},
  "phoenix": {:git, "https://github.com/phoenixframework/phoenix.git", "32b84e260df08f71642c526e4b8b1b7ec6959fa0", [ref: "32b84e2"]},
  "phoenix_html": {:hex, :phoenix_html, "2.9.3", "1b5a2122cbf743aa242f54dced8a4f1cc778b8bd304f4b4c0043a6250c58e258", [:mix], [{:plug, "~> 1.0", [hex: :plug, optional: false]}]},
  "phoenix_live_reload": {:hex, :phoenix_live_reload, "1.0.8", "4333f9c74190f485a74866beff2f9304f069d53f047f5fbb0fb8d1ee4c495f73", [:mix], [{:fs, "~> 0.9.1", [hex: :fs, optional: false]}, {:phoenix, "~> 1.0 or ~> 1.2-rc", [hex: :phoenix, optional: false]}]},
  "phoenix_pubsub": {:hex, :phoenix_pubsub, "1.0.1", "c10ddf6237007c804bf2b8f3c4d5b99009b42eca3a0dfac04ea2d8001186056a", [:mix], []},
  "plug": {:hex, :plug, "1.3.0", "6e2b01afc5db3fd011ca4a16efd9cb424528c157c30a44a0186bcc92c7b2e8f3", [:mix], [{:cowboy, "~> 1.0.1 or ~> 1.1", [hex: :cowboy, optional: true]}, {:mime, "~> 1.0", [hex: :mime, optional: false]}]},
  "poison": {:hex, :poison, "2.2.0", "4763b69a8a77bd77d26f477d196428b741261a761257ff1cf92753a0d4d24a63", [:mix], []},
  "rabbit_common": {:hex, :rabbit_common, "3.6.7-pre.1", "cd8503e4176b5187e168c73d4f703aaf50de4e2b49e8a71df78370a8b6cf7d5b", [:make], []},
  "ranch": {:hex, :ranch, "1.3.2", "e4965a144dc9fbe70e5c077c65e73c57165416a901bd02ea899cfd95aa890986", [:rebar3], []},
  "ssl_verify_fun": {:hex, :ssl_verify_fun, "1.1.1", "28a4d65b7f59893bc2c7de786dec1e1555bd742d336043fe644ae956c3497fbe", [:make, :rebar], []}}
